
Microsoft Visual Studio Solution File, Format Version 12.00
# Visual Studio 15
VisualStudioVersion = 15.0.27004.2005
MinimumVisualStudioVersion = 10.0.40219.1
Project("{FAE04EC0-301F-11D3-BF4B-00C04F79EFBC}") = "Laba 1 + 2", "Laba 1 + 2\Laba 1 + 2.csproj", "{BF580BE2-C420-454E-952B-D4AFD7C59F41}"
EndProject
Global
	GlobalSection(SolutionConfigurationPlatforms) = preSolution
		Debug|Any CPU = Debug|Any CPU
		Release|Any CPU = Release|Any CPU
	EndGlobalSection
	GlobalSection(ProjectConfigurationPlatforms) = postSolution
		{BF580BE2-C420-454E-952B-D4AFD7C59F41}.Debug|Any CPU.ActiveCfg = Debug|Any CPU
		{BF580BE2-C420-454E-952B-D4AFD7C59F41}.Debug|Any CPU.Build.0 = Debug|Any CPU
		{BF580BE2-C420-454E-952B-D4AFD7C59F41}.Release|Any CPU.ActiveCfg = Release|Any CPU
		{BF580BE2-C420-454E-952B-D4AFD7C59F41}.Release|Any CPU.Build.0 = Release|Any CPU
	EndGlobalSection
	GlobalSection(SolutionProperties) = preSolution
		HideSolutionNode = FALSE
	EndGlobalSection
	GlobalSection(ExtensibilityGlobals) = postSolution
		SolutionGuid = {F12C8E3E-0298-4119-B23B-A7DA2EFF061A}
	EndGlobalSection
EndGlobal
